
Microsoft Visual Studio Solution File, Format Version 12.00
# Visual Studio Version 17
VisualStudioVersion = 17.14.37203.1 d17.14
MinimumVisualStudioVersion = 10.0.40219.1
Project("{8BC9CEB8-8B4A-11D0-8D11-00A0C91BC942}") = "viktory", "viktory\viktory.vcxproj", "{081C7C15-26BD-4664-8E83-FCEB147E184B}"
EndProject
Global
	GlobalSection(SolutionConfigurationPlatforms) = preSolution
		Debug|x64 = Debug|x64
		Debug|x86 = Debug|x86
		Release|x64 = Release|x64
		Release|x86 = Release|x86
	EndGlobalSection
	GlobalSection(ProjectConfigurationPlatforms) = postSolution
		{081C7C15-26BD-4664-8E83-FCEB147E184B}.Debug|x64.ActiveCfg = Debug|x64
		{081C7C15-26BD-4664-8E83-FCEB147E184B}.Debug|x64.Build.0 = Debug|x64
		{081C7C15-26BD-4664-8E83-FCEB147E184B}.Debug|x86.ActiveCfg = Debug|Win32
		{081C7C15-26BD-4664-8E83-FCEB147E184B}.Debug|x86.Build.0 = Debug|Win32
		{081C7C15-26BD-4664-8E83-FCEB147E184B}.Release|x64.ActiveCfg = Release|x64
		{081C7C15-26BD-4664-8E83-FCEB147E184B}.Release|x64.Build.0 = Release|x64
		{081C7C15-26BD-4664-8E83-FCEB147E184B}.Release|x86.ActiveCfg = Release|Win32
		{081C7C15-26BD-4664-8E83-FCEB147E184B}.Release|x86.Build.0 = Release|Win32
	EndGlobalSection
	GlobalSection(SolutionProperties) = preSolution
		HideSolutionNode = FALSE
	EndGlobalSection
	GlobalSection(ExtensibilityGlobals) = postSolution
		SolutionGuid = {679AE6E6-7DE8-4BDE-AF8E-158BF71352E9}
	EndGlobalSection
EndGlobal
