
Microsoft Visual Studio Solution File, Format Version 12.00
# Visual Studio Version 17
VisualStudioVersion = 17.14.37012.4 d17.14
MinimumVisualStudioVersion = 10.0.40219.1
Project("{FAE04EC0-301F-11D3-BF4B-00C04F79EFBC}") = "shilo_06_03_2026_2", "shilo_06_03_2026_2\shilo_06_03_2026_2.csproj", "{475299D8-CDCC-46CC-9FC7-5D6BEAA7DC72}"
EndProject
Global
	GlobalSection(SolutionConfigurationPlatforms) = preSolution
		Debug|Any CPU = Debug|Any CPU
		Release|Any CPU = Release|Any CPU
	EndGlobalSection
	GlobalSection(ProjectConfigurationPlatforms) = postSolution
		{475299D8-CDCC-46CC-9FC7-5D6BEAA7DC72}.Debug|Any CPU.ActiveCfg = Debug|Any CPU
		{475299D8-CDCC-46CC-9FC7-5D6BEAA7DC72}.Debug|Any CPU.Build.0 = Debug|Any CPU
		{475299D8-CDCC-46CC-9FC7-5D6BEAA7DC72}.Release|Any CPU.ActiveCfg = Release|Any CPU
		{475299D8-CDCC-46CC-9FC7-5D6BEAA7DC72}.Release|Any CPU.Build.0 = Release|Any CPU
	EndGlobalSection
	GlobalSection(SolutionProperties) = preSolution
		HideSolutionNode = FALSE
	EndGlobalSection
	GlobalSection(ExtensibilityGlobals) = postSolution
		SolutionGuid = {98F53BCC-4D12-4D3F-B868-054093C4E5F4}
	EndGlobalSection
EndGlobal
