
Microsoft Visual Studio Solution File, Format Version 12.00
# Visual Studio Version 17
VisualStudioVersion = 17.14.37027.9 d17.14
MinimumVisualStudioVersion = 10.0.40219.1
Project("{FAE04EC0-301F-11D3-BF4B-00C04F79EFBC}") = "ConsoleApp5", "ConsoleApp5\ConsoleApp5.csproj", "{4A950358-19C6-4BDA-9841-9B32057DBD19}"
EndProject
Global
	GlobalSection(SolutionConfigurationPlatforms) = preSolution
		Debug|Any CPU = Debug|Any CPU
		Release|Any CPU = Release|Any CPU
	EndGlobalSection
	GlobalSection(ProjectConfigurationPlatforms) = postSolution
		{4A950358-19C6-4BDA-9841-9B32057DBD19}.Debug|Any CPU.ActiveCfg = Debug|Any CPU
		{4A950358-19C6-4BDA-9841-9B32057DBD19}.Debug|Any CPU.Build.0 = Debug|Any CPU
		{4A950358-19C6-4BDA-9841-9B32057DBD19}.Release|Any CPU.ActiveCfg = Release|Any CPU
		{4A950358-19C6-4BDA-9841-9B32057DBD19}.Release|Any CPU.Build.0 = Release|Any CPU
	EndGlobalSection
	GlobalSection(SolutionProperties) = preSolution
		HideSolutionNode = FALSE
	EndGlobalSection
	GlobalSection(ExtensibilityGlobals) = postSolution
		SolutionGuid = {5619B1FB-86E2-4217-9A38-62CCEF6ECCE1}
	EndGlobalSection
EndGlobal
