
Microsoft Visual Studio Solution File, Format Version 12.00
# Visual Studio Version 17
VisualStudioVersion = 17.14.37027.9 d17.14
MinimumVisualStudioVersion = 10.0.40219.1
Project("{FAE04EC0-301F-11D3-BF4B-00C04F79EFBC}") = "ConsoleApp4", "ConsoleApp4\ConsoleApp4.csproj", "{AC2D400E-62B6-4D25-962D-91348CD2EDDB}"
EndProject
Global
	GlobalSection(SolutionConfigurationPlatforms) = preSolution
		Debug|Any CPU = Debug|Any CPU
		Release|Any CPU = Release|Any CPU
	EndGlobalSection
	GlobalSection(ProjectConfigurationPlatforms) = postSolution
		{AC2D400E-62B6-4D25-962D-91348CD2EDDB}.Debug|Any CPU.ActiveCfg = Debug|Any CPU
		{AC2D400E-62B6-4D25-962D-91348CD2EDDB}.Debug|Any CPU.Build.0 = Debug|Any CPU
		{AC2D400E-62B6-4D25-962D-91348CD2EDDB}.Release|Any CPU.ActiveCfg = Release|Any CPU
		{AC2D400E-62B6-4D25-962D-91348CD2EDDB}.Release|Any CPU.Build.0 = Release|Any CPU
	EndGlobalSection
	GlobalSection(SolutionProperties) = preSolution
		HideSolutionNode = FALSE
	EndGlobalSection
	GlobalSection(ExtensibilityGlobals) = postSolution
		SolutionGuid = {4D8A095A-7003-485A-90A9-2AED803B5587}
	EndGlobalSection
EndGlobal
